
Microsoft Visual Studio Solution File, Format Version 12.00
# Visual Studio Version 16
VisualStudioVersion = 16.0.30413.136
MinimumVisualStudioVersion = 10.0.40219.1
Project("{FAE04EC0-301F-11D3-BF4B-00C04F79EFBC}") = "SquaresBlazorGame", "SquaresBlazorGame\SquaresBlazorGame.csproj", "{19BB63B0-27AF-4AD5-A319-260A1C7A4FCC}"
EndProject
Global
	GlobalSection(SolutionConfigurationPlatforms) = preSolution
		Debug|Any CPU = Debug|Any CPU
		Release|Any CPU = Release|Any CPU
	EndGlobalSection
	GlobalSection(ProjectConfigurationPlatforms) = postSolution
		{19BB63B0-27AF-4AD5-A319-260A1C7A4FCC}.Debug|Any CPU.ActiveCfg = Debug|Any CPU
		{19BB63B0-27AF-4AD5-A319-260A1C7A4FCC}.Debug|Any CPU.Build.0 = Debug|Any CPU
		{19BB63B0-27AF-4AD5-A319-260A1C7A4FCC}.Release|Any CPU.ActiveCfg = Release|Any CPU
		{19BB63B0-27AF-4AD5-A319-260A1C7A4FCC}.Release|Any CPU.Build.0 = Release|Any CPU
	EndGlobalSection
	GlobalSection(SolutionProperties) = preSolution
		HideSolutionNode = FALSE
	EndGlobalSection
	GlobalSection(ExtensibilityGlobals) = postSolution
		SolutionGuid = {601EF08B-7377-4F0F-805C-9C145466E60A}
	EndGlobalSection
EndGlobal
